
Microsoft Visual Studio Solution File, Format Version 12.00
# Visual Studio Version 17
VisualStudioVersion = 17.0.31903.59
MinimumVisualStudioVersion = 10.0.40219.1
Project("{2150E333-8FDC-42A3-9474-1A3956D46DE8}") = "src", "src", "{066DC0D4-3F69-4654-B2AF-7811934D025F}"
	ProjectSection(SolutionItems) = preProject
		src\TextFile1.txt = src\TextFile1.txt
	EndProjectSection
EndProject
Project("{2150E333-8FDC-42A3-9474-1A3956D46DE8}") = "tests", "tests", "{9E60E4BD-CB6E-4E47-ACB4-AF57644E7793}"
	ProjectSection(SolutionItems) = preProject
		tests\TextFile2.txt = tests\TextFile2.txt
	EndProjectSection
EndProject
Project("{2150E333-8FDC-42A3-9474-1A3956D46DE8}") = "docs", "docs", "{EF76A50A-A6CA-4BA7-A02E-14B3FFEF4FFB}"
	ProjectSection(SolutionItems) = preProject
		docs\TextFile3.txt = docs\TextFile3.txt
	EndProjectSection
EndProject
Project("{2150E333-8FDC-42A3-9474-1A3956D46DE8}") = "Core", "Core", "{CDF1259C-FAB7-4B3C-8A25-0B19BC0FC8D5}"
EndProject
Project("{9A19103F-16F7-4668-BE54-9A1E7A4F7556}") = "CyclingWorldSystem.Domain", "src\Core\CyclingWorldSystem.Domain\CyclingWorldSystem.Domain.csproj", "{4C9B591E-A247-477C-B941-841B1B97BFEF}"
EndProject
Project("{9A19103F-16F7-4668-BE54-9A1E7A4F7556}") = "CyclingWorldSystem.Application", "src\Core\CyclingWorldSystem.Application\CyclingWorldSystem.Application.csproj", "{12B074EB-A00E-4ACB-A3B4-467B1848682A}"
EndProject
Project("{2150E333-8FDC-42A3-9474-1A3956D46DE8}") = "External", "External", "{1564E318-C008-43CE-B5C4-200C42EFAEFD}"
EndProject
Project("{FAE04EC0-301F-11D3-BF4B-00C04F79EFBC}") = "CyclingWorldSystem.Infrastructure", "CyclingWorldSystem.Infrastructure\CyclingWorldSystem.Infrastructure.csproj", "{775BA56B-D447-4891-AF61-2856586C7DB1}"
EndProject
Project("{FAE04EC0-301F-11D3-BF4B-00C04F79EFBC}") = "CyclingWorldSystem.Presentation", "CyclingWorldSystem.Presentation\CyclingWorldSystem.Presentation.csproj", "{E4C3ACF5-3D21-4CB9-ACDA-4CD845CC24E8}"
EndProject
Global
	GlobalSection(SolutionConfigurationPlatforms) = preSolution
		Debug|Any CPU = Debug|Any CPU
		Release|Any CPU = Release|Any CPU
	EndGlobalSection
	GlobalSection(ProjectConfigurationPlatforms) = postSolution
		{4C9B591E-A247-477C-B941-841B1B97BFEF}.Debug|Any CPU.ActiveCfg = Debug|Any CPU
		{4C9B591E-A247-477C-B941-841B1B97BFEF}.Debug|Any CPU.Build.0 = Debug|Any CPU
		{4C9B591E-A247-477C-B941-841B1B97BFEF}.Release|Any CPU.ActiveCfg = Release|Any CPU
		{4C9B591E-A247-477C-B941-841B1B97BFEF}.Release|Any CPU.Build.0 = Release|Any CPU
		{12B074EB-A00E-4ACB-A3B4-467B1848682A}.Debug|Any CPU.ActiveCfg = Debug|Any CPU
		{12B074EB-A00E-4ACB-A3B4-467B1848682A}.Debug|Any CPU.Build.0 = Debug|Any CPU
		{12B074EB-A00E-4ACB-A3B4-467B1848682A}.Release|Any CPU.ActiveCfg = Release|Any CPU
		{12B074EB-A00E-4ACB-A3B4-467B1848682A}.Release|Any CPU.Build.0 = Release|Any CPU
		{775BA56B-D447-4891-AF61-2856586C7DB1}.Debug|Any CPU.ActiveCfg = Debug|Any CPU
		{775BA56B-D447-4891-AF61-2856586C7DB1}.Debug|Any CPU.Build.0 = Debug|Any CPU
		{775BA56B-D447-4891-AF61-2856586C7DB1}.Release|Any CPU.ActiveCfg = Release|Any CPU
		{775BA56B-D447-4891-AF61-2856586C7DB1}.Release|Any CPU.Build.0 = Release|Any CPU
		{E4C3ACF5-3D21-4CB9-ACDA-4CD845CC24E8}.Debug|Any CPU.ActiveCfg = Debug|Any CPU
		{E4C3ACF5-3D21-4CB9-ACDA-4CD845CC24E8}.Debug|Any CPU.Build.0 = Debug|Any CPU
		{E4C3ACF5-3D21-4CB9-ACDA-4CD845CC24E8}.Release|Any CPU.ActiveCfg = Release|Any CPU
		{E4C3ACF5-3D21-4CB9-ACDA-4CD845CC24E8}.Release|Any CPU.Build.0 = Release|Any CPU
	EndGlobalSection
	GlobalSection(SolutionProperties) = preSolution
		HideSolutionNode = FALSE
	EndGlobalSection
	GlobalSection(NestedProjects) = preSolution
		{CDF1259C-FAB7-4B3C-8A25-0B19BC0FC8D5} = {066DC0D4-3F69-4654-B2AF-7811934D025F}
		{4C9B591E-A247-477C-B941-841B1B97BFEF} = {CDF1259C-FAB7-4B3C-8A25-0B19BC0FC8D5}
		{12B074EB-A00E-4ACB-A3B4-467B1848682A} = {CDF1259C-FAB7-4B3C-8A25-0B19BC0FC8D5}
		{1564E318-C008-43CE-B5C4-200C42EFAEFD} = {066DC0D4-3F69-4654-B2AF-7811934D025F}
		{775BA56B-D447-4891-AF61-2856586C7DB1} = {1564E318-C008-43CE-B5C4-200C42EFAEFD}
		{E4C3ACF5-3D21-4CB9-ACDA-4CD845CC24E8} = {1564E318-C008-43CE-B5C4-200C42EFAEFD}
	EndGlobalSection
	GlobalSection(ExtensibilityGlobals) = postSolution
		SolutionGuid = {68C611A6-204F-4078-92FF-390AB1139139}
	EndGlobalSection
EndGlobal
