
Microsoft Visual Studio Solution File, Format Version 12.00
# Visual Studio Version 17
VisualStudioVersion = 17.0.31903.59
MinimumVisualStudioVersion = 10.0.40219.1
Project("{2150E333-8FDC-42A3-9474-1A3956D46DE8}") = "src", "src", "{066DC0D4-3F69-4654-B2AF-7811934D025F}"
EndProject
Project("{2150E333-8FDC-42A3-9474-1A3956D46DE8}") = "test", "test", "{9E60E4BD-CB6E-4E47-ACB4-AF57644E7793}"
EndProject
Project("{2150E333-8FDC-42A3-9474-1A3956D46DE8}") = "docs", "docs", "{EF76A50A-A6CA-4BA7-A02E-14B3FFEF4FFB}"
	ProjectSection(SolutionItems) = preProject
		docs\TextFile3.txt = docs\TextFile3.txt
	EndProjectSection
EndProject
Project("{2150E333-8FDC-42A3-9474-1A3956D46DE8}") = "Core", "Core", "{CDF1259C-FAB7-4B3C-8A25-0B19BC0FC8D5}"
EndProject
Project("{2150E333-8FDC-42A3-9474-1A3956D46DE8}") = "Infrastructure", "Infrastructure", "{1564E318-C008-43CE-B5C4-200C42EFAEFD}"
EndProject
Project("{2150E333-8FDC-42A3-9474-1A3956D46DE8}") = "Presentation", "Presentation", "{2B24693E-EE64-4B86-94E7-4F0C04790D73}"
EndProject
Project("{2150E333-8FDC-42A3-9474-1A3956D46DE8}") = "Common", "Common", "{82438196-04B0-4964-9030-2DCFF2B759F1}"
	ProjectSection(SolutionItems) = preProject
		src\Common\readme.txt = src\Common\readme.txt
	EndProjectSection
EndProject
Project("{9A19103F-16F7-4668-BE54-9A1E7A4F7556}") = "Common", "src\Common\Common\Common.csproj", "{528983CB-AE21-44BA-AFF4-82FB5815345F}"
EndProject
Project("{9A19103F-16F7-4668-BE54-9A1E7A4F7556}") = "Application", "src\Core\Application\Application.csproj", "{B03262E9-5419-4EC5-A638-D1C6F3B961B6}"
EndProject
Project("{9A19103F-16F7-4668-BE54-9A1E7A4F7556}") = "Domain", "src\Core\Domain\Domain.csproj", "{6E4D040C-A755-440F-98DB-505F3299CB7F}"
EndProject
Project("{9A19103F-16F7-4668-BE54-9A1E7A4F7556}") = "Infrastructure", "src\Infrastructure\Infrastructure\Infrastructure.csproj", "{1B4BF8B0-91A6-4249-9C09-587DC19DC8E0}"
EndProject
Project("{9A19103F-16F7-4668-BE54-9A1E7A4F7556}") = "Persistence", "src\Infrastructure\Persistence\Persistence.csproj", "{E7C92D36-220E-4C68-BD91-0EF981DEC134}"
EndProject
Project("{9A19103F-16F7-4668-BE54-9A1E7A4F7556}") = "Presentation", "src\Presentation\Presentation\Presentation.csproj", "{F1E89179-7B49-4690-82FB-FD57FE4B289C}"
EndProject
Project("{9A19103F-16F7-4668-BE54-9A1E7A4F7556}") = "WebApi", "src\Presentation\WebApi\WebApi.csproj", "{98D2D1B7-0C16-464B-94FF-1E76CB1E3010}"
EndProject
Project("{9A19103F-16F7-4668-BE54-9A1E7A4F7556}") = "Tests", "test\Tests\Tests.csproj", "{CC9041E7-0EB1-41B9-97EA-D0DEE5DF701A}"
EndProject
Project("{FAE04EC0-301F-11D3-BF4B-00C04F79EFBC}") = "Web", "src\Presentation\Web\Web.csproj", "{7E076CC1-5AB2-4DE0-9C23-D236C2C9BA92}"
EndProject
Global
	GlobalSection(SolutionConfigurationPlatforms) = preSolution
		Debug|Any CPU = Debug|Any CPU
		Release|Any CPU = Release|Any CPU
	EndGlobalSection
	GlobalSection(ProjectConfigurationPlatforms) = postSolution
		{528983CB-AE21-44BA-AFF4-82FB5815345F}.Debug|Any CPU.ActiveCfg = Debug|Any CPU
		{528983CB-AE21-44BA-AFF4-82FB5815345F}.Debug|Any CPU.Build.0 = Debug|Any CPU
		{528983CB-AE21-44BA-AFF4-82FB5815345F}.Release|Any CPU.ActiveCfg = Release|Any CPU
		{528983CB-AE21-44BA-AFF4-82FB5815345F}.Release|Any CPU.Build.0 = Release|Any CPU
		{B03262E9-5419-4EC5-A638-D1C6F3B961B6}.Debug|Any CPU.ActiveCfg = Debug|Any CPU
		{B03262E9-5419-4EC5-A638-D1C6F3B961B6}.Debug|Any CPU.Build.0 = Debug|Any CPU
		{B03262E9-5419-4EC5-A638-D1C6F3B961B6}.Release|Any CPU.ActiveCfg = Release|Any CPU
		{B03262E9-5419-4EC5-A638-D1C6F3B961B6}.Release|Any CPU.Build.0 = Release|Any CPU
		{6E4D040C-A755-440F-98DB-505F3299CB7F}.Debug|Any CPU.ActiveCfg = Debug|Any CPU
		{6E4D040C-A755-440F-98DB-505F3299CB7F}.Debug|Any CPU.Build.0 = Debug|Any CPU
		{6E4D040C-A755-440F-98DB-505F3299CB7F}.Release|Any CPU.ActiveCfg = Release|Any CPU
		{6E4D040C-A755-440F-98DB-505F3299CB7F}.Release|Any CPU.Build.0 = Release|Any CPU
		{1B4BF8B0-91A6-4249-9C09-587DC19DC8E0}.Debug|Any CPU.ActiveCfg = Debug|Any CPU
		{1B4BF8B0-91A6-4249-9C09-587DC19DC8E0}.Debug|Any CPU.Build.0 = Debug|Any CPU
		{1B4BF8B0-91A6-4249-9C09-587DC19DC8E0}.Release|Any CPU.ActiveCfg = Release|Any CPU
		{1B4BF8B0-91A6-4249-9C09-587DC19DC8E0}.Release|Any CPU.Build.0 = Release|Any CPU
		{E7C92D36-220E-4C68-BD91-0EF981DEC134}.Debug|Any CPU.ActiveCfg = Debug|Any CPU
		{E7C92D36-220E-4C68-BD91-0EF981DEC134}.Debug|Any CPU.Build.0 = Debug|Any CPU
		{E7C92D36-220E-4C68-BD91-0EF981DEC134}.Release|Any CPU.ActiveCfg = Release|Any CPU
		{E7C92D36-220E-4C68-BD91-0EF981DEC134}.Release|Any CPU.Build.0 = Release|Any CPU
		{F1E89179-7B49-4690-82FB-FD57FE4B289C}.Debug|Any CPU.ActiveCfg = Debug|Any CPU
		{F1E89179-7B49-4690-82FB-FD57FE4B289C}.Debug|Any CPU.Build.0 = Debug|Any CPU
		{F1E89179-7B49-4690-82FB-FD57FE4B289C}.Release|Any CPU.ActiveCfg = Release|Any CPU
		{F1E89179-7B49-4690-82FB-FD57FE4B289C}.Release|Any CPU.Build.0 = Release|Any CPU
		{98D2D1B7-0C16-464B-94FF-1E76CB1E3010}.Debug|Any CPU.ActiveCfg = Debug|Any CPU
		{98D2D1B7-0C16-464B-94FF-1E76CB1E3010}.Debug|Any CPU.Build.0 = Debug|Any CPU
		{98D2D1B7-0C16-464B-94FF-1E76CB1E3010}.Release|Any CPU.ActiveCfg = Release|Any CPU
		{98D2D1B7-0C16-464B-94FF-1E76CB1E3010}.Release|Any CPU.Build.0 = Release|Any CPU
		{CC9041E7-0EB1-41B9-97EA-D0DEE5DF701A}.Debug|Any CPU.ActiveCfg = Debug|Any CPU
		{CC9041E7-0EB1-41B9-97EA-D0DEE5DF701A}.Debug|Any CPU.Build.0 = Debug|Any CPU
		{CC9041E7-0EB1-41B9-97EA-D0DEE5DF701A}.Release|Any CPU.ActiveCfg = Release|Any CPU
		{CC9041E7-0EB1-41B9-97EA-D0DEE5DF701A}.Release|Any CPU.Build.0 = Release|Any CPU
		{7E076CC1-5AB2-4DE0-9C23-D236C2C9BA92}.Debug|Any CPU.ActiveCfg = Debug|Any CPU
		{7E076CC1-5AB2-4DE0-9C23-D236C2C9BA92}.Debug|Any CPU.Build.0 = Debug|Any CPU
		{7E076CC1-5AB2-4DE0-9C23-D236C2C9BA92}.Release|Any CPU.ActiveCfg = Release|Any CPU
		{7E076CC1-5AB2-4DE0-9C23-D236C2C9BA92}.Release|Any CPU.Build.0 = Release|Any CPU
	EndGlobalSection
	GlobalSection(SolutionProperties) = preSolution
		HideSolutionNode = FALSE
	EndGlobalSection
	GlobalSection(NestedProjects) = preSolution
		{CDF1259C-FAB7-4B3C-8A25-0B19BC0FC8D5} = {066DC0D4-3F69-4654-B2AF-7811934D025F}
		{1564E318-C008-43CE-B5C4-200C42EFAEFD} = {066DC0D4-3F69-4654-B2AF-7811934D025F}
		{2B24693E-EE64-4B86-94E7-4F0C04790D73} = {066DC0D4-3F69-4654-B2AF-7811934D025F}
		{82438196-04B0-4964-9030-2DCFF2B759F1} = {066DC0D4-3F69-4654-B2AF-7811934D025F}
		{528983CB-AE21-44BA-AFF4-82FB5815345F} = {82438196-04B0-4964-9030-2DCFF2B759F1}
		{B03262E9-5419-4EC5-A638-D1C6F3B961B6} = {CDF1259C-FAB7-4B3C-8A25-0B19BC0FC8D5}
		{6E4D040C-A755-440F-98DB-505F3299CB7F} = {CDF1259C-FAB7-4B3C-8A25-0B19BC0FC8D5}
		{1B4BF8B0-91A6-4249-9C09-587DC19DC8E0} = {1564E318-C008-43CE-B5C4-200C42EFAEFD}
		{E7C92D36-220E-4C68-BD91-0EF981DEC134} = {1564E318-C008-43CE-B5C4-200C42EFAEFD}
		{F1E89179-7B49-4690-82FB-FD57FE4B289C} = {2B24693E-EE64-4B86-94E7-4F0C04790D73}
		{98D2D1B7-0C16-464B-94FF-1E76CB1E3010} = {2B24693E-EE64-4B86-94E7-4F0C04790D73}
		{CC9041E7-0EB1-41B9-97EA-D0DEE5DF701A} = {9E60E4BD-CB6E-4E47-ACB4-AF57644E7793}
		{7E076CC1-5AB2-4DE0-9C23-D236C2C9BA92} = {2B24693E-EE64-4B86-94E7-4F0C04790D73}
	EndGlobalSection
	GlobalSection(ExtensibilityGlobals) = postSolution
		SolutionGuid = {68C611A6-204F-4078-92FF-390AB1139139}
	EndGlobalSection
EndGlobal
